{
  "version": 4,
  "terraform_version": "0.15.1",
  "serial": 7,
  "lineage": "17a6e544-bf4c-c03c-c8f6-119180e7151c",
  "outputs": {},
  "resources": [
    {
      "mode": "managed",
      "type": "azurerm_virtual_network",
      "name": "vnet",
      "provider": "provider[\"registry.terraform.io/hashicorp/azurerm\"]",
      "instances": [
        {
          "schema_version": 0,
          "attributes": {
            "address_space": [
              "192.168.12.0/22"
            ],
            "bgp_community": "",
            "ddos_protection_plan": [],
            "dns_servers": [],
            "edge_zone": "",
            "flow_timeout_in_minutes": 0,
            "guid": "d47295a0-4e9c-4984-a742-365a5d8440af",
            "id": "/subscriptions/f818e7f0-989e-4af7-bd25-9bc0c8c277ae/resourceGroups/Networking-rg/providers/Microsoft.Network/virtualNetworks/HomeHUb",
            "location": "eastus2",
            "name": "HomeHUb",
            "resource_group_name": "Networking-rg",
            "subnet": [
              {
                "address_prefix": "192.168.12.0/24",
                "id": "/subscriptions/f818e7f0-989e-4af7-bd25-9bc0c8c277ae/resourceGroups/Networking-rg/providers/Microsoft.Network/virtualNetworks/HomeHUb/subnets/subnet1",
                "name": "subnet1",
                "security_group": null
              },
              {
                "address_prefix": "192.168.13.0/24",
                "id": "/subscriptions/f818e7f0-989e-4af7-bd25-9bc0c8c277ae/resourceGroups/Networking-rg/providers/Microsoft.Network/virtualNetworks/HomeHUb/subnets/subnet2",
                "name": "subnet2",
                "security_group": null
              },
              {
                "address_prefix": "192.168.14.0/24",
                "id": "/subscriptions/f818e7f0-989e-4af7-bd25-9bc0c8c277ae/resourceGroups/Networking-rg/providers/Microsoft.Network/virtualNetworks/HomeHUb/subnets/subnet3",
                "name": "subnet3",
                "security_group": null
              }
            ],
            "tags": {},
            "timeouts": null
          },
          "sensitive_attributes": [],
          "private": "eyJlMmJmYjczMC1lY2FhLTExZTYtOGY4OC0zNDM2M2JjN2M0YzAiOnsiY3JlYXRlIjoxODAwMDAwMDAwMDAwLCJkZWxldGUiOjE4MDAwMDAwMDAwMDAsInJlYWQiOjMwMDAwMDAwMDAwMCwidXBkYXRlIjoxODAwMDAwMDAwMDAwfX0="
        }
      ]
    }
  ]
}
