{
  "version": 4,
  "terraform_version": "0.15.1",
  "serial": 6,
  "lineage": "1916e5f2-8b18-6da4-eecb-1ed026947c70",
  "outputs": {},
  "resources": [
    {
      "mode": "managed",
      "type": "azurerm_resource_group",
      "name": "Peering",
      "provider": "provider[\"registry.terraform.io/hashicorp/azurerm\"]",
      "instances": [
        {
          "schema_version": 0,
          "attributes": {
            "id": "/subscriptions/dc83587c-2150-4a92-a32c-7c496ba0cefd/resourceGroups/Network-Practice_RG",
            "location": "eastus2",
            "name": "Network-Practice_RG",
            "tags": {},
            "timeouts": null
          },
          "sensitive_attributes": [],
          "private": "eyJlMmJmYjczMC1lY2FhLTExZTYtOGY4OC0zNDM2M2JjN2M0YzAiOnsiY3JlYXRlIjo1NDAwMDAwMDAwMDAwLCJkZWxldGUiOjU0MDAwMDAwMDAwMDAsInJlYWQiOjMwMDAwMDAwMDAwMCwidXBkYXRlIjo1NDAwMDAwMDAwMDAwfX0="
        }
      ]
    },
    {
      "mode": "managed",
      "type": "azurerm_virtual_network",
      "name": "Vnet1",
      "provider": "provider[\"registry.terraform.io/hashicorp/azurerm\"]",
      "instances": [
        {
          "schema_version": 0,
          "attributes": {
            "address_space": [
              "192.168.0.0/16"
            ],
            "bgp_community": "",
            "ddos_protection_plan": [],
            "dns_servers": [],
            "edge_zone": "",
            "flow_timeout_in_minutes": 0,
            "guid": "7a4e3b5c-2c32-4bf3-af21-7af73861c5a3",
            "id": "/subscriptions/dc83587c-2150-4a92-a32c-7c496ba0cefd/resourceGroups/Network-Practice_RG/providers/Microsoft.Network/virtualNetworks/VnetA",
            "location": "eastus2",
            "name": "VnetA",
            "resource_group_name": "Network-Practice_RG",
            "subnet": [
              {
                "address_prefix": "192.168.1.0/24",
                "id": "/subscriptions/dc83587c-2150-4a92-a32c-7c496ba0cefd/resourceGroups/Network-Practice_RG/providers/Microsoft.Network/virtualNetworks/VnetA/subnets/SubA1",
                "name": "SubA1",
                "security_group": ""
              },
              {
                "address_prefix": "192.168.2.0/24",
                "id": "/subscriptions/dc83587c-2150-4a92-a32c-7c496ba0cefd/resourceGroups/Network-Practice_RG/providers/Microsoft.Network/virtualNetworks/VnetA/subnets/SubA2",
                "name": "SubA2",
                "security_group": ""
              }
            ],
            "tags": {},
            "timeouts": null
          },
          "sensitive_attributes": [],
          "private": "eyJlMmJmYjczMC1lY2FhLTExZTYtOGY4OC0zNDM2M2JjN2M0YzAiOnsiY3JlYXRlIjoxODAwMDAwMDAwMDAwLCJkZWxldGUiOjE4MDAwMDAwMDAwMDAsInJlYWQiOjMwMDAwMDAwMDAwMCwidXBkYXRlIjoxODAwMDAwMDAwMDAwfX0=",
          "dependencies": [
            "azurerm_resource_group.Peering"
          ]
        }
      ]
    },
    {
      "mode": "managed",
      "type": "azurerm_virtual_network",
      "name": "Vnet2",
      "provider": "provider[\"registry.terraform.io/hashicorp/azurerm\"]",
      "instances": [
        {
          "schema_version": 0,
          "attributes": {
            "address_space": [
              "192.168.12.0/22"
            ],
            "bgp_community": "",
            "ddos_protection_plan": [],
            "dns_servers": [],
            "edge_zone": "",
            "flow_timeout_in_minutes": 0,
            "guid": "9f8ba7c9-e2fb-493c-8e63-d2e5828cd24d",
            "id": "/subscriptions/dc83587c-2150-4a92-a32c-7c496ba0cefd/resourceGroups/Network-Practice_RG/providers/Microsoft.Network/virtualNetworks/VnetB",
            "location": "eastus2",
            "name": "VnetB",
            "resource_group_name": "Network-Practice_RG",
            "subnet": [
              {
                "address_prefix": "192.168.12.0/24",
                "id": "/subscriptions/dc83587c-2150-4a92-a32c-7c496ba0cefd/resourceGroups/Network-Practice_RG/providers/Microsoft.Network/virtualNetworks/VnetB/subnets/SubB1",
                "name": "SubB1",
                "security_group": ""
              },
              {
                "address_prefix": "192.168.13.0/24",
                "id": "/subscriptions/dc83587c-2150-4a92-a32c-7c496ba0cefd/resourceGroups/Network-Practice_RG/providers/Microsoft.Network/virtualNetworks/VnetB/subnets/SubB2",
                "name": "SubB2",
                "security_group": ""
              }
            ],
            "tags": null,
            "timeouts": null
          },
          "sensitive_attributes": [],
          "private": "eyJlMmJmYjczMC1lY2FhLTExZTYtOGY4OC0zNDM2M2JjN2M0YzAiOnsiY3JlYXRlIjoxODAwMDAwMDAwMDAwLCJkZWxldGUiOjE4MDAwMDAwMDAwMDAsInJlYWQiOjMwMDAwMDAwMDAwMCwidXBkYXRlIjoxODAwMDAwMDAwMDAwfX0=",
          "dependencies": [
            "azurerm_resource_group.Peering"
          ]
        }
      ]
    }
  ]
}
